
Microsoft Visual Studio Solution File, Format Version 12.00
# Visual Studio Version 17
VisualStudioVersion = 17.4.33110.190
MinimumVisualStudioVersion = 10.0.40219.1
Project("{FAE04EC0-301F-11D3-BF4B-00C04F79EFBC}") = "Features", "Features.csproj", "{3C111D00-6B1C-4152-A358-7A01F41EB4E8}"
EndProject
Global
	GlobalSection(SolutionConfigurationPlatforms) = preSolution
		Debug|Any CPU = Debug|Any CPU
		Release|Any CPU = Release|Any CPU
	EndGlobalSection
	GlobalSection(ProjectConfigurationPlatforms) = postSolution
		{3C111D00-6B1C-4152-A358-7A01F41EB4E8}.Debug|Any CPU.ActiveCfg = Debug|Any CPU
		{3C111D00-6B1C-4152-A358-7A01F41EB4E8}.Debug|Any CPU.Build.0 = Debug|Any CPU
		{3C111D00-6B1C-4152-A358-7A01F41EB4E8}.Release|Any CPU.ActiveCfg = Release|Any CPU
		{3C111D00-6B1C-4152-A358-7A01F41EB4E8}.Release|Any CPU.Build.0 = Release|Any CPU
	EndGlobalSection
	GlobalSection(SolutionProperties) = preSolution
		HideSolutionNode = FALSE
	EndGlobalSection
	GlobalSection(ExtensibilityGlobals) = postSolution
		SolutionGuid = {91B5F6B3-D906-4018-9E6F-B65A099F82A1}
	EndGlobalSection
EndGlobal
